// !$*UTF8*$!
{
	archiveVersion = 1;
	classes = {
	};
	objectVersion = 50;
	objects = {

/* Begin PBXBuildFile section */
		F44AC7EB2437EC8900861507 /* AppDelegate.swift in Sources */ = {isa = PBXBuildFile; fileRef = F44AC7EA2437EC8900861507 /* AppDelegate.swift */; };
		F44AC7ED2437EC8900861507 /* SceneDelegate.swift in Sources */ = {isa = PBXBuildFile; fileRef = F44AC7EC2437EC8900861507 /* SceneDelegate.swift */; };
		F44AC7EF2437EC8900861507 /* ContentView.swift in Sources */ = {isa = PBXBuildFile; fileRef = F44AC7EE2437EC8900861507 /* ContentView.swift */; };
		F44AC7F12437EC8A00861507 /* Assets.xcassets in Resources */ = {isa = PBXBuildFile; fileRef = F44AC7F02437EC8A00861507 /* Assets.xcassets */; };
		F44AC7F42437EC8A00861507 /* Preview Assets.xcassets in Resources */ = {isa = PBXBuildFile; fileRef = F44AC7F32437EC8A00861507 /* Preview Assets.xcassets */; };
		F44AC7F72437EC8A00861507 /* LaunchScreen.storyboard in Resources */ = {isa = PBXBuildFile; fileRef = F44AC7F52437EC8A00861507 /* LaunchScreen.storyboard */; };
/* End PBXBuildFile section */

/* Begin PBXFileReference section */
		F44AC7E72437EC8900861507 /* Slots-Demo.app */ = {isa = PBXFileReference; explicitFileType = wrapper.application; includeInIndex = 0; path = "Slots-Demo.app"; sourceTree = BUILT_PRODUCTS_DIR; };
		F44AC7EA2437EC8900861507 /* AppDelegate.swift */ = {isa = PBXFileReference; lastKnownFileType = sourcecode.swift; path = AppDelegate.swift; sourceTree = "<group>"; };
		F44AC7EC2437EC8900861507 /* SceneDelegate.swift */ = {isa = PBXFileReference; lastKnownFileType = sourcecode.swift; path = SceneDelegate.swift; sourceTree = "<group>"; };
		F44AC7EE2437EC8900861507 /* ContentView.swift */ = {isa = PBXFileReference; lastKnownFileType = sourcecode.swift; path = ContentView.swift; sourceTree = "<group>"; };
		F44AC7F02437EC8A00861507 /* Assets.xcassets */ = {isa = PBXFileReference; lastKnownFileType = folder.assetcatalog; path = Assets.xcassets; sourceTree = "<group>"; };
		F44AC7F32437EC8A00861507 /* Preview Assets.xcassets */ = {isa = PBXFileReference; lastKnownFileType = folder.assetcatalog; path = "Preview Assets.xcassets"; sourceTree = "<group>"; };
		F44AC7F62437EC8A00861507 /* Base */ = {isa = PBXFileReference; lastKnownFileType = file.storyboard; name = Base; path = Base.lproj/LaunchScreen.storyboard; sourceTree = "<group>"; };
		F44AC7F82437EC8A00861507 /* Info.plist */ = {isa = PBXFileReference; lastKnownFileType = text.plist.xml; path = Info.plist; sourceTree = "<group>"; };
/* End PBXFileReference section */

/* Begin PBXFrameworksBuildPhase section */
		F44AC7E42437EC8900861507 /* Frameworks */ = {
			isa = PBXFrameworksBuildPhase;
			buildActionMask = 2147483647;
			files = (
			);
			runOnlyForDeploymentPostprocessing = 0;
		};
/* End PBXFrameworksBuildPhase section */

/* Begin PBXGroup section */
		F44AC7DE2437EC8900861507 = {
			isa = PBXGroup;
			children = (
				F44AC7E92437EC8900861507 /* Slots-Demo */,
				F44AC7E82437EC8900861507 /* Products */,
			);
			sourceTree = "<group>";
		};
		F44AC7E82437EC8900861507 /* Products */ = {
			isa = PBXGroup;
			children = (
				F44AC7E72437EC8900861507 /* Slots-Demo.app */,
			);
			name = Products;
			sourceTree = "<group>";
		};
		F44AC7E92437EC8900861507 /* Slots-Demo */ = {
			isa = PBXGroup;
			children = (
				F44AC7EA2437EC8900861507 /* AppDelegate.swift */,
				F44AC7EC2437EC8900861507 /* SceneDelegate.swift */,
				F44AC7EE2437EC8900861507 /* ContentView.swift */,
				F44AC7F02437EC8A00861507 /* Assets.xcassets */,
				F44AC7F52437EC8A00861507 /* LaunchScreen.storyboard */,
				F44AC7F82437EC8A00861507 /* Info.plist */,
				F44AC7F22437EC8A00861507 /* Preview Content */,
			);
			path = "Slots-Demo";
			sourceTree = "<group>";
		};
		F44AC7F22437EC8A00861507 /* Preview Content */ = {
			isa = PBXGroup;
			children = (
				F44AC7F32437EC8A00861507 /* Preview Assets.xcassets */,
			);
			path = "Preview Content";
			sourceTree = "<group>";
		};
/* End PBXGroup section */

/* Begin PBXNativeTarget section */
		F44AC7E62437EC8900861507 /* Slots-Demo */ = {
			isa = PBXNativeTarget;
			buildConfigurationList = F44AC7FB2437EC8A00861507 /* Build configuration list for PBXNativeTarget "Slots-Demo" */;
			buildPhases = (
				F44AC7E32437EC8900861507 /* Sources */,
				F44AC7E42437EC8900861507 /* Frameworks */,
				F44AC7E52437EC8900861507 /* Resources */,
			);
			buildRules = (
			);
			dependencies = (
			);
			name = "Slots-Demo";
			productName = "Slots-Demo";
			productReference = F44AC7E72437EC8900861507 /* Slots-Demo.app */;
			productType = "com.apple.product-type.application";
		};
/* End PBXNativeTarget section */

/* Begin PBXProject section */
		F44AC7DF2437EC8900861507 /* Project object */ = {
			isa = PBXProject;
			attributes = {
				LastSwiftUpdateCheck = 1140;
				LastUpgradeCheck = 1140;
				ORGANIZATIONNAME = "MR de Araujo";
				TargetAttributes = {
					F44AC7E62437EC8900861507 = {
						CreatedOnToolsVersion = 11.4;
					};
				};
			};
			buildConfigurationList = F44AC7E22437EC8900861507 /* Build configuration list for PBXProject "Slots-Demo" */;
			compatibilityVersion = "Xcode 9.3";
			developmentRegion = en;
			hasScannedForEncodings = 0;
			knownRegions = (
				en,
				Base,
			);
			mainGroup = F44AC7DE2437EC8900861507;
			productRefGroup = F44AC7E82437EC8900861507 /* Products */;
			projectDirPath = "";
			projectRoot = "";
			targets = (
				F44AC7E62437EC8900861507 /* Slots-Demo */,
			);
		};
/* End PBXProject section */

/* Begin PBXResourcesBuildPhase section */
		F44AC7E52437EC8900861507 /* Resources */ = {
			isa = PBXResourcesBuildPhase;
			buildActionMask = 2147483647;
			files = (
				F44AC7F72437EC8A00861507 /* LaunchScreen.storyboard in Resources */,
				F44AC7F42437EC8A00861507 /* Preview Assets.xcassets in Resources */,
				F44AC7F12437EC8A00861507 /* Assets.xcassets in Resources */,
			);
			runOnlyForDeploymentPostprocessing = 0;
		};
/* End PBXResourcesBuildPhase section */

/* Begin PBXSourcesBuildPhase section */
		F44AC7E32437EC8900861507 /* Sources */ = {
			isa = PBXSourcesBuildPhase;
			buildActionMask = 2147483647;
			files = (
				F44AC7EB2437EC8900861507 /* AppDelegate.swift in Sources */,
				F44AC7ED2437EC8900861507 /* SceneDelegate.swift in Sources */,
				F44AC7EF2437EC8900861507 /* ContentView.swift in Sources */,
			);
			runOnlyForDeploymentPostprocessing = 0;
		};
/* End PBXSourcesBuildPhase section */

/* Begin PBXVariantGroup section */
		F44AC7F52437EC8A00861507 /* LaunchScreen.storyboard */ = {
			isa = PBXVariantGroup;
			children = (
				F44AC7F62437EC8A00861507 /* Base */,
			);
			name = LaunchScreen.storyboard;
			sourceTree = "<group>";
		};
/* End PBXVariantGroup section */

/* Begin XCBuildConfiguration section */
		F44AC7F92437EC8A00861507 /* Debug */ = {
			isa = XCBuildConfiguration;
			buildSettings = {
				ALWAYS_SEARCH_USER_PATHS = NO;
				CLANG_ANALYZER_NONNULL = YES;
				CLANG_ANALYZER_NUMBER_OBJECT_CONVERSION = YES_AGGRESSIVE;
				CLANG_CXX_LANGUAGE_STANDARD = "gnu++14";
				CLANG_CXX_LIBRARY = "libc++";
				CLANG_ENABLE_MODULES = YES;
				CLANG_ENABLE_OBJC_ARC = YES;
				CLANG_ENABLE_OBJC_WEAK = YES;
				CLANG_WARN_BLOCK_CAPTURE_AUTORELEASING = YES;
				CLANG_WARN_BOOL_CONVERSION = YES;
				CLANG_WARN_COMMA = YES;
				CLANG_WARN_CONSTANT_CONVERSION = YES;
				CLANG_WARN_DEPRECATED_OBJC_IMPLEMENTATIONS = YES;
				CLANG_WARN_DIRECT_OBJC_ISA_USAGE = YES_ERROR;
				CLANG_WARN_DOCUMENTATION_COMMENTS = YES;
				CLANG_WARN_EMPTY_BODY = YES;
				CLANG_WARN_ENUM_CONVERSION = YES;
				CLANG_WARN_INFINITE_RECURSION = YES;
				CLANG_WARN_INT_CONVERSION = YES;
				CLANG_WARN_NON_LITERAL_NULL_CONVERSION = YES;
				CLANG_WARN_OBJC_IMPLICIT_RETAIN_SELF = YES;
				CLANG_WARN_OBJC_LITERAL_CONVERSION = YES;
				CLANG_WARN_OBJC_ROOT_CLASS = YES_ERROR;
				CLANG_WARN_RANGE_LOOP_ANALYSIS = YES;
				CLANG_WARN_STRICT_PROTOTYPES = YES;
				CLANG_WARN_SUSPICIOUS_MOVE = YES;
				CLANG_WARN_UNGUARDED_AVAILABILITY = YES_AGGRESSIVE;
				CLANG_WARN_UNREACHABLE_CODE = YES;
				CLANG_WARN__DUPLICATE_METHOD_MATCH = YES;
				COPY_PHASE_STRIP = NO;
				DEBUG_INFORMATION_FORMAT = dwarf;
				ENABLE_STRICT_OBJC_MSGSEND = YES;
				ENABLE_TESTABILITY = YES;
				GCC_C_LANGUAGE_STANDARD = gnu11;
				GCC_DYNAMIC_NO_PIC = NO;
				GCC_NO_COMMON_BLOCKS = YES;
				GCC_OPTIMIZATION_LEVEL = 0;
				GCC_PREPROCESSOR_DEFINITIONS = (
					"DEBUG=1",
					"$(inherited)",
				);
				GCC_WARN_64_TO_32_BIT_CONVERSION = YES;
				GCC_WARN_ABOUT_RETURN_TYPE = YES_ERROR;
				GCC_WARN_UNDECLARED_SELECTOR = YES;
				GCC_WARN_UNINITIALIZED_AUTOS = YES_AGGRESSIVE;
				GCC_WARN_UNUSED_FUNCTION = YES;
				GCC_WARN_UNUSED_VARIABLE = YES;
				IPHONEOS_DEPLOYMENT_TARGET = 13.4;
				MTL_ENABLE_DEBUG_INFO = INCLUDE_SOURCE;
				MTL_FAST_MATH = YES;
				ONLY_ACTIVE_ARCH = YES;
				SDKROOT = iphoneos;
				SWIFT_ACTIVE_COMPILATION_CONDITIONS = DEBUG;
				SWIFT_OPTIMIZATION_LEVEL = "-Onone";
			};
			name = Debug;
		};
		F44AC7FA2437EC8A00861507 /* Release */ = {
			isa = XCBuildConfiguration;
			buildSettings = {
				ALWAYS_SEARCH_USER_PATHS = NO;
				CLANG_ANALYZER_NONNULL = YES;
				CLANG_ANALYZER_NUMBER_OBJECT_CONVERSION = YES_AGGRESSIVE;
				CLANG_CXX_LANGUAGE_STANDARD = "gnu++14";
				CLANG_CXX_LIBRARY = "libc++";
				CLANG_ENABLE_MODULES = YES;
				CLANG_ENABLE_OBJC_ARC = YES;
				CLANG_ENABLE_OBJC_WEAK = YES;
				CLANG_WARN_BLOCK_CAPTURE_AUTORELEASING = YES;
				CLANG_WARN_BOOL_CONVERSION = YES;
				CLANG_WARN_COMMA = YES;
				CLANG_WARN_CONSTANT_CONVERSION = YES;
				CLANG_WARN_DEPRECATED_OBJC_IMPLEMENTATIONS = YES;
				CLANG_WARN_DIRECT_OBJC_ISA_USAGE = YES_ERROR;
				CLANG_WARN_DOCUMENTATION_COMMENTS = YES;
				CLANG_WARN_EMPTY_BODY = YES;
				CLANG_WARN_ENUM_CONVERSION = YES;
				CLANG_WARN_INFINITE_RECURSION = YES;
				CLANG_WARN_INT_CONVERSION = YES;
				CLANG_WARN_NON_LITERAL_NULL_CONVERSION = YES;
				CLANG_WARN_OBJC_IMPLICIT_RETAIN_SELF = YES;
				CLANG_WARN_OBJC_LITERAL_CONVERSION = YES;
				CLANG_WARN_OBJC_ROOT_CLASS = YES_ERROR;
				CLANG_WARN_RANGE_LOOP_ANALYSIS = YES;
				CLANG_WARN_STRICT_PROTOTYPES = YES;
				CLANG_WARN_SUSPICIOUS_MOVE = YES;
				CLANG_WARN_UNGUARDED_AVAILABILITY = YES_AGGRESSIVE;
				CLANG_WARN_UNREACHABLE_CODE = YES;
				CLANG_WARN__DUPLICATE_METHOD_MATCH = YES;
				COPY_PHASE_STRIP = NO;
				DEBUG_INFORMATION_FORMAT = "dwarf-with-dsym";
				ENABLE_NS_ASSERTIONS = NO;
				ENABLE_STRICT_OBJC_MSGSEND = YES;
				GCC_C_LANGUAGE_STANDARD = gnu11;
				GCC_NO_COMMON_BLOCKS = YES;
				GCC_WARN_64_TO_32_BIT_CONVERSION = YES;
				GCC_WARN_ABOUT_RETURN_TYPE = YES_ERROR;
				GCC_WARN_UNDECLARED_SELECTOR = YES;
				GCC_WARN_UNINITIALIZED_AUTOS = YES_AGGRESSIVE;
				GCC_WARN_UNUSED_FUNCTION = YES;
				GCC_WARN_UNUSED_VARIABLE = YES;
				IPHONEOS_DEPLOYMENT_TARGET = 13.4;
				MTL_ENABLE_DEBUG_INFO = NO;
				MTL_FAST_MATH = YES;
				SDKROOT = iphoneos;
				SWIFT_COMPILATION_MODE = wholemodule;
				SWIFT_OPTIMIZATION_LEVEL = "-O";
				VALIDATE_PRODUCT = YES;
			};
			name = Release;
		};
		F44AC7FC2437EC8A00861507 /* Debug */ = {
			isa = XCBuildConfiguration;
			buildSettings = {
				ASSETCATALOG_COMPILER_APPICON_NAME = AppIcon;
				CODE_SIGN_STYLE = Automatic;
				DEVELOPMENT_ASSET_PATHS = "\"Slots-Demo/Preview Content\"";
				DEVELOPMENT_TEAM = C97V5ZU9S5;
				ENABLE_PREVIEWS = YES;
				INFOPLIST_FILE = "Slots-Demo/Info.plist";
				LD_RUNPATH_SEARCH_PATHS = (
					"$(inherited)",
					"@executable_path/Frameworks",
				);
				PRODUCT_BUNDLE_IDENTIFIER = "mr.araujo.Slots-Demo";
				PRODUCT_NAME = "$(TARGET_NAME)";
				SWIFT_VERSION = 5.0;
				TARGETED_DEVICE_FAMILY = "1,2";
			};
			name = Debug;
		};
		F44AC7FD2437EC8A00861507 /* Release */ = {
			isa = XCBuildConfiguration;
			buildSettings = {
				ASSETCATALOG_COMPILER_APPICON_NAME = AppIcon;
				CODE_SIGN_STYLE = Automatic;
				DEVELOPMENT_ASSET_PATHS = "\"Slots-Demo/Preview Content\"";
				DEVELOPMENT_TEAM = C97V5ZU9S5;
				ENABLE_PREVIEWS = YES;
				INFOPLIST_FILE = "Slots-Demo/Info.plist";
				LD_RUNPATH_SEARCH_PATHS = (
					"$(inherited)",
					"@executable_path/Frameworks",
				);
				PRODUCT_BUNDLE_IDENTIFIER = "mr.araujo.Slots-Demo";
				PRODUCT_NAME = "$(TARGET_NAME)";
				SWIFT_VERSION = 5.0;
				TARGETED_DEVICE_FAMILY = "1,2";
			};
			name = Release;
		};
/* End XCBuildConfiguration section */

/* Begin XCConfigurationList section */
		F44AC7E22437EC8900861507 /* Build configuration list for PBXProject "Slots-Demo" */ = {
			isa = XCConfigurationList;
			buildConfigurations = (
				F44AC7F92437EC8A00861507 /* Debug */,
				F44AC7FA2437EC8A00861507 /* Release */,
			);
			defaultConfigurationIsVisible = 0;
			defaultConfigurationName = Release;
		};
		F44AC7FB2437EC8A00861507 /* Build configuration list for PBXNativeTarget "Slots-Demo" */ = {
			isa = XCConfigurationList;
			buildConfigurations = (
				F44AC7FC2437EC8A00861507 /* Debug */,
				F44AC7FD2437EC8A00861507 /* Release */,
			);
			defaultConfigurationIsVisible = 0;
			defaultConfigurationName = Release;
		};
/* End XCConfigurationList section */
	};
	rootObject = F44AC7DF2437EC8900861507 /* Project object */;
}
